
Microsoft Visual Studio Solution File, Format Version 12.00
# Visual Studio Version 17
VisualStudioVersion = 17.4.33103.184
MinimumVisualStudioVersion = 10.0.40219.1
Project("{FAE04EC0-301F-11D3-BF4B-00C04F79EFBC}") = "1_HW", "1_HW\1_HW.csproj", "{1D921034-DD1D-48AD-97A6-5892FD47D380}"
EndProject
Project("{FAE04EC0-301F-11D3-BF4B-00C04F79EFBC}") = "2_HW", "2_HW\2_HW.csproj", "{502EF114-69F2-4EB1-B64B-1FF8F66EDB8B}"
EndProject
Project("{FAE04EC0-301F-11D3-BF4B-00C04F79EFBC}") = "3_HW", "3_HW\3_HW.csproj", "{C2DCAC3E-34E5-43AC-8DB2-902DB26475A4}"
EndProject
Project("{FAE04EC0-301F-11D3-BF4B-00C04F79EFBC}") = "4_HW", "4_HW\4_HW.csproj", "{D508B682-8BBD-4797-8F93-109B1C419529}"
EndProject
Project("{FAE04EC0-301F-11D3-BF4B-00C04F79EFBC}") = "5_HW", "5_HW\5_HW.csproj", "{B3844672-6818-4B78-A142-0648AC29187C}"
EndProject
Project("{FAE04EC0-301F-11D3-BF4B-00C04F79EFBC}") = "6_HW", "6_HW\6_HW.csproj", "{86DAA430-69BD-44F2-BC5E-4478C5C806F0}"
EndProject
Project("{FAE04EC0-301F-11D3-BF4B-00C04F79EFBC}") = "7_HW", "7_HW\7_HW.csproj", "{CE10A15E-8794-4E31-9782-054B263D377A}"
EndProject
Project("{FAE04EC0-301F-11D3-BF4B-00C04F79EFBC}") = "8_HW", "8_HW\8_HW.csproj", "{1571EFEC-67D3-450F-83C0-4FF6D2BFD10F}"
EndProject
Project("{FAE04EC0-301F-11D3-BF4B-00C04F79EFBC}") = "9_HW", "9_HW\9_HW.csproj", "{1B15A99A-EBE0-4E4F-A2F5-E44DD778F360}"
EndProject
Project("{FAE04EC0-301F-11D3-BF4B-00C04F79EFBC}") = "10_HW", "10_HW\10_HW.csproj", "{FC39AD93-FD78-43DC-9CA6-547930BDCBD6}"
EndProject
Global
	GlobalSection(SolutionConfigurationPlatforms) = preSolution
		Debug|Any CPU = Debug|Any CPU
		Release|Any CPU = Release|Any CPU
	EndGlobalSection
	GlobalSection(ProjectConfigurationPlatforms) = postSolution
		{1D921034-DD1D-48AD-97A6-5892FD47D380}.Debug|Any CPU.ActiveCfg = Debug|Any CPU
		{1D921034-DD1D-48AD-97A6-5892FD47D380}.Debug|Any CPU.Build.0 = Debug|Any CPU
		{1D921034-DD1D-48AD-97A6-5892FD47D380}.Release|Any CPU.ActiveCfg = Release|Any CPU
		{1D921034-DD1D-48AD-97A6-5892FD47D380}.Release|Any CPU.Build.0 = Release|Any CPU
		{502EF114-69F2-4EB1-B64B-1FF8F66EDB8B}.Debug|Any CPU.ActiveCfg = Debug|Any CPU
		{502EF114-69F2-4EB1-B64B-1FF8F66EDB8B}.Debug|Any CPU.Build.0 = Debug|Any CPU
		{502EF114-69F2-4EB1-B64B-1FF8F66EDB8B}.Release|Any CPU.ActiveCfg = Release|Any CPU
		{502EF114-69F2-4EB1-B64B-1FF8F66EDB8B}.Release|Any CPU.Build.0 = Release|Any CPU
		{C2DCAC3E-34E5-43AC-8DB2-902DB26475A4}.Debug|Any CPU.ActiveCfg = Debug|Any CPU
		{C2DCAC3E-34E5-43AC-8DB2-902DB26475A4}.Debug|Any CPU.Build.0 = Debug|Any CPU
		{C2DCAC3E-34E5-43AC-8DB2-902DB26475A4}.Release|Any CPU.ActiveCfg = Release|Any CPU
		{C2DCAC3E-34E5-43AC-8DB2-902DB26475A4}.Release|Any CPU.Build.0 = Release|Any CPU
		{D508B682-8BBD-4797-8F93-109B1C419529}.Debug|Any CPU.ActiveCfg = Debug|Any CPU
		{D508B682-8BBD-4797-8F93-109B1C419529}.Debug|Any CPU.Build.0 = Debug|Any CPU
		{D508B682-8BBD-4797-8F93-109B1C419529}.Release|Any CPU.ActiveCfg = Release|Any CPU
		{D508B682-8BBD-4797-8F93-109B1C419529}.Release|Any CPU.Build.0 = Release|Any CPU
		{B3844672-6818-4B78-A142-0648AC29187C}.Debug|Any CPU.ActiveCfg = Debug|Any CPU
		{B3844672-6818-4B78-A142-0648AC29187C}.Debug|Any CPU.Build.0 = Debug|Any CPU
		{B3844672-6818-4B78-A142-0648AC29187C}.Release|Any CPU.ActiveCfg = Release|Any CPU
		{B3844672-6818-4B78-A142-0648AC29187C}.Release|Any CPU.Build.0 = Release|Any CPU
		{86DAA430-69BD-44F2-BC5E-4478C5C806F0}.Debug|Any CPU.ActiveCfg = Debug|Any CPU
		{86DAA430-69BD-44F2-BC5E-4478C5C806F0}.Debug|Any CPU.Build.0 = Debug|Any CPU
		{86DAA430-69BD-44F2-BC5E-4478C5C806F0}.Release|Any CPU.ActiveCfg = Release|Any CPU
		{86DAA430-69BD-44F2-BC5E-4478C5C806F0}.Release|Any CPU.Build.0 = Release|Any CPU
		{CE10A15E-8794-4E31-9782-054B263D377A}.Debug|Any CPU.ActiveCfg = Debug|Any CPU
		{CE10A15E-8794-4E31-9782-054B263D377A}.Debug|Any CPU.Build.0 = Debug|Any CPU
		{CE10A15E-8794-4E31-9782-054B263D377A}.Release|Any CPU.ActiveCfg = Release|Any CPU
		{CE10A15E-8794-4E31-9782-054B263D377A}.Release|Any CPU.Build.0 = Release|Any CPU
		{1571EFEC-67D3-450F-83C0-4FF6D2BFD10F}.Debug|Any CPU.ActiveCfg = Debug|Any CPU
		{1571EFEC-67D3-450F-83C0-4FF6D2BFD10F}.Debug|Any CPU.Build.0 = Debug|Any CPU
		{1571EFEC-67D3-450F-83C0-4FF6D2BFD10F}.Release|Any CPU.ActiveCfg = Release|Any CPU
		{1571EFEC-67D3-450F-83C0-4FF6D2BFD10F}.Release|Any CPU.Build.0 = Release|Any CPU
		{1B15A99A-EBE0-4E4F-A2F5-E44DD778F360}.Debug|Any CPU.ActiveCfg = Debug|Any CPU
		{1B15A99A-EBE0-4E4F-A2F5-E44DD778F360}.Debug|Any CPU.Build.0 = Debug|Any CPU
		{1B15A99A-EBE0-4E4F-A2F5-E44DD778F360}.Release|Any CPU.ActiveCfg = Release|Any CPU
		{1B15A99A-EBE0-4E4F-A2F5-E44DD778F360}.Release|Any CPU.Build.0 = Release|Any CPU
		{FC39AD93-FD78-43DC-9CA6-547930BDCBD6}.Debug|Any CPU.ActiveCfg = Debug|Any CPU
		{FC39AD93-FD78-43DC-9CA6-547930BDCBD6}.Debug|Any CPU.Build.0 = Debug|Any CPU
		{FC39AD93-FD78-43DC-9CA6-547930BDCBD6}.Release|Any CPU.ActiveCfg = Release|Any CPU
		{FC39AD93-FD78-43DC-9CA6-547930BDCBD6}.Release|Any CPU.Build.0 = Release|Any CPU
	EndGlobalSection
	GlobalSection(SolutionProperties) = preSolution
		HideSolutionNode = FALSE
	EndGlobalSection
	GlobalSection(ExtensibilityGlobals) = postSolution
		SolutionGuid = {C993AA38-E63B-4476-A8C6-0731C88866AD}
	EndGlobalSection
EndGlobal
