
Microsoft Visual Studio Solution File, Format Version 12.00
# Visual Studio Version 17
VisualStudioVersion = 17.4.33103.184
MinimumVisualStudioVersion = 10.0.40219.1
Project("{FAE04EC0-301F-11D3-BF4B-00C04F79EFBC}") = "1_HW", "1_HW\1_HW.csproj", "{9A61A159-956D-4C35-9879-0BEA01173EBE}"
EndProject
Project("{FAE04EC0-301F-11D3-BF4B-00C04F79EFBC}") = "2_HW", "2_HW\2_HW.csproj", "{00DD2D6C-3FC5-468E-AEC9-9579FD479520}"
EndProject
Project("{FAE04EC0-301F-11D3-BF4B-00C04F79EFBC}") = "3_HW", "3_HW\3_HW.csproj", "{2A483324-205C-411D-86AA-4E79BEEFA5E6}"
EndProject
Project("{FAE04EC0-301F-11D3-BF4B-00C04F79EFBC}") = "4_HW", "4_HW\4_HW.csproj", "{7EAC0741-05ED-4072-A85A-2CF7CDBFB32D}"
EndProject
Project("{FAE04EC0-301F-11D3-BF4B-00C04F79EFBC}") = "5_HW", "5_HW\5_HW.csproj", "{0DD4483C-DC76-46C7-8A89-55914DB43727}"
EndProject
Project("{FAE04EC0-301F-11D3-BF4B-00C04F79EFBC}") = "6_HW", "6_HW\6_HW.csproj", "{3BEA8408-E091-445E-A8BB-C082366262EC}"
EndProject
Project("{FAE04EC0-301F-11D3-BF4B-00C04F79EFBC}") = "7_HW", "7_HW\7_HW.csproj", "{EE59BDEC-C789-4481-8220-A8685682EE3A}"
EndProject
Project("{FAE04EC0-301F-11D3-BF4B-00C04F79EFBC}") = "8_HW", "8_HW\8_HW.csproj", "{3FB4EF84-CA87-4291-AE90-50F6BCE3A2AD}"
EndProject
Project("{FAE04EC0-301F-11D3-BF4B-00C04F79EFBC}") = "9_HW", "9_HW\9_HW.csproj", "{ECD4D46E-E750-4848-B425-3AECC1B6757E}"
EndProject
Project("{FAE04EC0-301F-11D3-BF4B-00C04F79EFBC}") = "10_HW", "10_HW\10_HW.csproj", "{04BE88D2-16CC-4D39-B9D3-030DCCEF5A31}"
EndProject
Project("{FAE04EC0-301F-11D3-BF4B-00C04F79EFBC}") = "1_TestTasks", "1_TestTasks\1_TestTasks.csproj", "{A2A85566-8161-41A5-80B7-5ECE701C4154}"
EndProject
Project("{FAE04EC0-301F-11D3-BF4B-00C04F79EFBC}") = "2_TestTasks", "2_TestTasks\2_TestTasks.csproj", "{4571B636-0F92-46FC-A93F-6DA0206DD981}"
EndProject
Project("{FAE04EC0-301F-11D3-BF4B-00C04F79EFBC}") = "3_TestTasks", "3_TestTasks\3_TestTasks.csproj", "{C4EB31E7-85A7-4153-9D2D-4852DC5D2C08}"
EndProject
Global
	GlobalSection(SolutionConfigurationPlatforms) = preSolution
		Debug|Any CPU = Debug|Any CPU
		Release|Any CPU = Release|Any CPU
	EndGlobalSection
	GlobalSection(ProjectConfigurationPlatforms) = postSolution
		{9A61A159-956D-4C35-9879-0BEA01173EBE}.Debug|Any CPU.ActiveCfg = Debug|Any CPU
		{9A61A159-956D-4C35-9879-0BEA01173EBE}.Debug|Any CPU.Build.0 = Debug|Any CPU
		{9A61A159-956D-4C35-9879-0BEA01173EBE}.Release|Any CPU.ActiveCfg = Release|Any CPU
		{9A61A159-956D-4C35-9879-0BEA01173EBE}.Release|Any CPU.Build.0 = Release|Any CPU
		{00DD2D6C-3FC5-468E-AEC9-9579FD479520}.Debug|Any CPU.ActiveCfg = Debug|Any CPU
		{00DD2D6C-3FC5-468E-AEC9-9579FD479520}.Debug|Any CPU.Build.0 = Debug|Any CPU
		{00DD2D6C-3FC5-468E-AEC9-9579FD479520}.Release|Any CPU.ActiveCfg = Release|Any CPU
		{00DD2D6C-3FC5-468E-AEC9-9579FD479520}.Release|Any CPU.Build.0 = Release|Any CPU
		{2A483324-205C-411D-86AA-4E79BEEFA5E6}.Debug|Any CPU.ActiveCfg = Debug|Any CPU
		{2A483324-205C-411D-86AA-4E79BEEFA5E6}.Debug|Any CPU.Build.0 = Debug|Any CPU
		{2A483324-205C-411D-86AA-4E79BEEFA5E6}.Release|Any CPU.ActiveCfg = Release|Any CPU
		{2A483324-205C-411D-86AA-4E79BEEFA5E6}.Release|Any CPU.Build.0 = Release|Any CPU
		{7EAC0741-05ED-4072-A85A-2CF7CDBFB32D}.Debug|Any CPU.ActiveCfg = Debug|Any CPU
		{7EAC0741-05ED-4072-A85A-2CF7CDBFB32D}.Debug|Any CPU.Build.0 = Debug|Any CPU
		{7EAC0741-05ED-4072-A85A-2CF7CDBFB32D}.Release|Any CPU.ActiveCfg = Release|Any CPU
		{7EAC0741-05ED-4072-A85A-2CF7CDBFB32D}.Release|Any CPU.Build.0 = Release|Any CPU
		{0DD4483C-DC76-46C7-8A89-55914DB43727}.Debug|Any CPU.ActiveCfg = Debug|Any CPU
		{0DD4483C-DC76-46C7-8A89-55914DB43727}.Debug|Any CPU.Build.0 = Debug|Any CPU
		{0DD4483C-DC76-46C7-8A89-55914DB43727}.Release|Any CPU.ActiveCfg = Release|Any CPU
		{0DD4483C-DC76-46C7-8A89-55914DB43727}.Release|Any CPU.Build.0 = Release|Any CPU
		{3BEA8408-E091-445E-A8BB-C082366262EC}.Debug|Any CPU.ActiveCfg = Debug|Any CPU
		{3BEA8408-E091-445E-A8BB-C082366262EC}.Debug|Any CPU.Build.0 = Debug|Any CPU
		{3BEA8408-E091-445E-A8BB-C082366262EC}.Release|Any CPU.ActiveCfg = Release|Any CPU
		{3BEA8408-E091-445E-A8BB-C082366262EC}.Release|Any CPU.Build.0 = Release|Any CPU
		{EE59BDEC-C789-4481-8220-A8685682EE3A}.Debug|Any CPU.ActiveCfg = Debug|Any CPU
		{EE59BDEC-C789-4481-8220-A8685682EE3A}.Debug|Any CPU.Build.0 = Debug|Any CPU
		{EE59BDEC-C789-4481-8220-A8685682EE3A}.Release|Any CPU.ActiveCfg = Release|Any CPU
		{EE59BDEC-C789-4481-8220-A8685682EE3A}.Release|Any CPU.Build.0 = Release|Any CPU
		{3FB4EF84-CA87-4291-AE90-50F6BCE3A2AD}.Debug|Any CPU.ActiveCfg = Debug|Any CPU
		{3FB4EF84-CA87-4291-AE90-50F6BCE3A2AD}.Debug|Any CPU.Build.0 = Debug|Any CPU
		{3FB4EF84-CA87-4291-AE90-50F6BCE3A2AD}.Release|Any CPU.ActiveCfg = Release|Any CPU
		{3FB4EF84-CA87-4291-AE90-50F6BCE3A2AD}.Release|Any CPU.Build.0 = Release|Any CPU
		{ECD4D46E-E750-4848-B425-3AECC1B6757E}.Debug|Any CPU.ActiveCfg = Debug|Any CPU
		{ECD4D46E-E750-4848-B425-3AECC1B6757E}.Debug|Any CPU.Build.0 = Debug|Any CPU
		{ECD4D46E-E750-4848-B425-3AECC1B6757E}.Release|Any CPU.ActiveCfg = Release|Any CPU
		{ECD4D46E-E750-4848-B425-3AECC1B6757E}.Release|Any CPU.Build.0 = Release|Any CPU
		{04BE88D2-16CC-4D39-B9D3-030DCCEF5A31}.Debug|Any CPU.ActiveCfg = Debug|Any CPU
		{04BE88D2-16CC-4D39-B9D3-030DCCEF5A31}.Debug|Any CPU.Build.0 = Debug|Any CPU
		{04BE88D2-16CC-4D39-B9D3-030DCCEF5A31}.Release|Any CPU.ActiveCfg = Release|Any CPU
		{04BE88D2-16CC-4D39-B9D3-030DCCEF5A31}.Release|Any CPU.Build.0 = Release|Any CPU
		{A2A85566-8161-41A5-80B7-5ECE701C4154}.Debug|Any CPU.ActiveCfg = Debug|Any CPU
		{A2A85566-8161-41A5-80B7-5ECE701C4154}.Debug|Any CPU.Build.0 = Debug|Any CPU
		{A2A85566-8161-41A5-80B7-5ECE701C4154}.Release|Any CPU.ActiveCfg = Release|Any CPU
		{A2A85566-8161-41A5-80B7-5ECE701C4154}.Release|Any CPU.Build.0 = Release|Any CPU
		{4571B636-0F92-46FC-A93F-6DA0206DD981}.Debug|Any CPU.ActiveCfg = Debug|Any CPU
		{4571B636-0F92-46FC-A93F-6DA0206DD981}.Debug|Any CPU.Build.0 = Debug|Any CPU
		{4571B636-0F92-46FC-A93F-6DA0206DD981}.Release|Any CPU.ActiveCfg = Release|Any CPU
		{4571B636-0F92-46FC-A93F-6DA0206DD981}.Release|Any CPU.Build.0 = Release|Any CPU
		{C4EB31E7-85A7-4153-9D2D-4852DC5D2C08}.Debug|Any CPU.ActiveCfg = Debug|Any CPU
		{C4EB31E7-85A7-4153-9D2D-4852DC5D2C08}.Debug|Any CPU.Build.0 = Debug|Any CPU
		{C4EB31E7-85A7-4153-9D2D-4852DC5D2C08}.Release|Any CPU.ActiveCfg = Release|Any CPU
		{C4EB31E7-85A7-4153-9D2D-4852DC5D2C08}.Release|Any CPU.Build.0 = Release|Any CPU
	EndGlobalSection
	GlobalSection(SolutionProperties) = preSolution
		HideSolutionNode = FALSE
	EndGlobalSection
	GlobalSection(ExtensibilityGlobals) = postSolution
		SolutionGuid = {FF360E3D-8249-40DD-A15E-69308E787E77}
	EndGlobalSection
EndGlobal
