
Microsoft Visual Studio Solution File, Format Version 12.00
# Visual Studio Version 17
VisualStudioVersion = 17.4.33103.184
MinimumVisualStudioVersion = 10.0.40219.1
Project("{FAE04EC0-301F-11D3-BF4B-00C04F79EFBC}") = "1_HW", "1_HW\1_HW.csproj", "{6A6C97CB-8819-4921-8073-DC8626BA7B6D}"
EndProject
Project("{FAE04EC0-301F-11D3-BF4B-00C04F79EFBC}") = "2_HW", "2_HW\2_HW.csproj", "{ADD657A8-4017-46FA-B2A4-DDEDF6EA2881}"
EndProject
Project("{FAE04EC0-301F-11D3-BF4B-00C04F79EFBC}") = "3_HW", "3_HW\3_HW.csproj", "{A84441DE-5855-46B9-8ECF-5AA15504B28A}"
EndProject
Project("{FAE04EC0-301F-11D3-BF4B-00C04F79EFBC}") = "4_HW", "4_HW\4_HW.csproj", "{8561CA45-94CE-4AFF-AE10-71E4B8441246}"
EndProject
Project("{FAE04EC0-301F-11D3-BF4B-00C04F79EFBC}") = "5_HW", "5_HW\5_HW.csproj", "{34654BB0-97ED-472D-8FDE-12107424BA06}"
EndProject
Project("{FAE04EC0-301F-11D3-BF4B-00C04F79EFBC}") = "6_HW", "6_HW\6_HW.csproj", "{F6D5BAE9-E892-475A-8CE5-561A3DEB0086}"
EndProject
Project("{FAE04EC0-301F-11D3-BF4B-00C04F79EFBC}") = "7_HW", "7_HW\7_HW.csproj", "{03F8C543-E596-43E3-86D7-4BF892DEB02D}"
EndProject
Project("{FAE04EC0-301F-11D3-BF4B-00C04F79EFBC}") = "8_HW", "8_HW\8_HW.csproj", "{56D4E1C0-8145-44F4-AF6A-08B0B320E5CF}"
EndProject
Project("{FAE04EC0-301F-11D3-BF4B-00C04F79EFBC}") = "9_HW", "9_HW\9_HW.csproj", "{420A424F-0314-4D75-BE11-0BBF8AA22D5E}"
EndProject
Project("{FAE04EC0-301F-11D3-BF4B-00C04F79EFBC}") = "10_HW", "10_HW\10_HW.csproj", "{0853A0D3-DCB0-46E6-BB57-34CD06DECC28}"
EndProject
Project("{FAE04EC0-301F-11D3-BF4B-00C04F79EFBC}") = "11_HW", "11_HW\11_HW.csproj", "{3477DE57-0EE0-4E1A-A1C1-C0970244159B}"
EndProject
Global
	GlobalSection(SolutionConfigurationPlatforms) = preSolution
		Debug|Any CPU = Debug|Any CPU
		Release|Any CPU = Release|Any CPU
	EndGlobalSection
	GlobalSection(ProjectConfigurationPlatforms) = postSolution
		{6A6C97CB-8819-4921-8073-DC8626BA7B6D}.Debug|Any CPU.ActiveCfg = Debug|Any CPU
		{6A6C97CB-8819-4921-8073-DC8626BA7B6D}.Debug|Any CPU.Build.0 = Debug|Any CPU
		{6A6C97CB-8819-4921-8073-DC8626BA7B6D}.Release|Any CPU.ActiveCfg = Release|Any CPU
		{6A6C97CB-8819-4921-8073-DC8626BA7B6D}.Release|Any CPU.Build.0 = Release|Any CPU
		{ADD657A8-4017-46FA-B2A4-DDEDF6EA2881}.Debug|Any CPU.ActiveCfg = Debug|Any CPU
		{ADD657A8-4017-46FA-B2A4-DDEDF6EA2881}.Debug|Any CPU.Build.0 = Debug|Any CPU
		{ADD657A8-4017-46FA-B2A4-DDEDF6EA2881}.Release|Any CPU.ActiveCfg = Release|Any CPU
		{ADD657A8-4017-46FA-B2A4-DDEDF6EA2881}.Release|Any CPU.Build.0 = Release|Any CPU
		{A84441DE-5855-46B9-8ECF-5AA15504B28A}.Debug|Any CPU.ActiveCfg = Debug|Any CPU
		{A84441DE-5855-46B9-8ECF-5AA15504B28A}.Debug|Any CPU.Build.0 = Debug|Any CPU
		{A84441DE-5855-46B9-8ECF-5AA15504B28A}.Release|Any CPU.ActiveCfg = Release|Any CPU
		{A84441DE-5855-46B9-8ECF-5AA15504B28A}.Release|Any CPU.Build.0 = Release|Any CPU
		{8561CA45-94CE-4AFF-AE10-71E4B8441246}.Debug|Any CPU.ActiveCfg = Debug|Any CPU
		{8561CA45-94CE-4AFF-AE10-71E4B8441246}.Debug|Any CPU.Build.0 = Debug|Any CPU
		{8561CA45-94CE-4AFF-AE10-71E4B8441246}.Release|Any CPU.ActiveCfg = Release|Any CPU
		{8561CA45-94CE-4AFF-AE10-71E4B8441246}.Release|Any CPU.Build.0 = Release|Any CPU
		{34654BB0-97ED-472D-8FDE-12107424BA06}.Debug|Any CPU.ActiveCfg = Debug|Any CPU
		{34654BB0-97ED-472D-8FDE-12107424BA06}.Debug|Any CPU.Build.0 = Debug|Any CPU
		{34654BB0-97ED-472D-8FDE-12107424BA06}.Release|Any CPU.ActiveCfg = Release|Any CPU
		{34654BB0-97ED-472D-8FDE-12107424BA06}.Release|Any CPU.Build.0 = Release|Any CPU
		{F6D5BAE9-E892-475A-8CE5-561A3DEB0086}.Debug|Any CPU.ActiveCfg = Debug|Any CPU
		{F6D5BAE9-E892-475A-8CE5-561A3DEB0086}.Debug|Any CPU.Build.0 = Debug|Any CPU
		{F6D5BAE9-E892-475A-8CE5-561A3DEB0086}.Release|Any CPU.ActiveCfg = Release|Any CPU
		{F6D5BAE9-E892-475A-8CE5-561A3DEB0086}.Release|Any CPU.Build.0 = Release|Any CPU
		{03F8C543-E596-43E3-86D7-4BF892DEB02D}.Debug|Any CPU.ActiveCfg = Debug|Any CPU
		{03F8C543-E596-43E3-86D7-4BF892DEB02D}.Debug|Any CPU.Build.0 = Debug|Any CPU
		{03F8C543-E596-43E3-86D7-4BF892DEB02D}.Release|Any CPU.ActiveCfg = Release|Any CPU
		{03F8C543-E596-43E3-86D7-4BF892DEB02D}.Release|Any CPU.Build.0 = Release|Any CPU
		{56D4E1C0-8145-44F4-AF6A-08B0B320E5CF}.Debug|Any CPU.ActiveCfg = Debug|Any CPU
		{56D4E1C0-8145-44F4-AF6A-08B0B320E5CF}.Debug|Any CPU.Build.0 = Debug|Any CPU
		{56D4E1C0-8145-44F4-AF6A-08B0B320E5CF}.Release|Any CPU.ActiveCfg = Release|Any CPU
		{56D4E1C0-8145-44F4-AF6A-08B0B320E5CF}.Release|Any CPU.Build.0 = Release|Any CPU
		{420A424F-0314-4D75-BE11-0BBF8AA22D5E}.Debug|Any CPU.ActiveCfg = Debug|Any CPU
		{420A424F-0314-4D75-BE11-0BBF8AA22D5E}.Debug|Any CPU.Build.0 = Debug|Any CPU
		{420A424F-0314-4D75-BE11-0BBF8AA22D5E}.Release|Any CPU.ActiveCfg = Release|Any CPU
		{420A424F-0314-4D75-BE11-0BBF8AA22D5E}.Release|Any CPU.Build.0 = Release|Any CPU
		{0853A0D3-DCB0-46E6-BB57-34CD06DECC28}.Debug|Any CPU.ActiveCfg = Debug|Any CPU
		{0853A0D3-DCB0-46E6-BB57-34CD06DECC28}.Debug|Any CPU.Build.0 = Debug|Any CPU
		{0853A0D3-DCB0-46E6-BB57-34CD06DECC28}.Release|Any CPU.ActiveCfg = Release|Any CPU
		{0853A0D3-DCB0-46E6-BB57-34CD06DECC28}.Release|Any CPU.Build.0 = Release|Any CPU
		{3477DE57-0EE0-4E1A-A1C1-C0970244159B}.Debug|Any CPU.ActiveCfg = Debug|Any CPU
		{3477DE57-0EE0-4E1A-A1C1-C0970244159B}.Debug|Any CPU.Build.0 = Debug|Any CPU
		{3477DE57-0EE0-4E1A-A1C1-C0970244159B}.Release|Any CPU.ActiveCfg = Release|Any CPU
		{3477DE57-0EE0-4E1A-A1C1-C0970244159B}.Release|Any CPU.Build.0 = Release|Any CPU
	EndGlobalSection
	GlobalSection(SolutionProperties) = preSolution
		HideSolutionNode = FALSE
	EndGlobalSection
	GlobalSection(ExtensibilityGlobals) = postSolution
		SolutionGuid = {247A3462-5C6E-492F-8F8D-7DE0FF743A1D}
	EndGlobalSection
EndGlobal
